PODS:
  - DateTools (2.0.0)
  - LinqToObjectiveC (2.1.0)

DEPENDENCIES:
  - DateTools
  - LinqToObjectiveC

SPEC CHECKSUMS:
  DateTools: 933ac9c490f21f92127cf690ccd8c397e0126caf
  LinqToObjectiveC: f0e40c137a458b6b9725c4c7b6a575c0c72e3aec

PODFILE CHECKSUM: 92cdafcbc991b288df469445c0516a73b2127d63

COCOAPODS: 1.3.1
